
Microsoft Visual Studio Solution File, Format Version 12.00
Project("{FAE04EC0-301F-11D3-BF4B-00C04F79EFBC}") = "FarmingSimulatorTelemetryClient", "FarmingSimulatorTelemetryClient\FarmingSimulatorTelemetryClient.csproj", "{EAF8102C-B6FF-4F7A-AEDE-1EA23912FEA5}"
EndProject
Global
	GlobalSection(SolutionConfigurationPlatforms) = preSolution
		Debug|Any CPU = Debug|Any CPU
		Release|Any CPU = Release|Any CPU
	EndGlobalSection
	GlobalSection(ProjectConfigurationPlatforms) = postSolution
		{EAF8102C-B6FF-4F7A-AEDE-1EA23912FEA5}.Debug|Any CPU.ActiveCfg = Debug|Any CPU
		{EAF8102C-B6FF-4F7A-AEDE-1EA23912FEA5}.Debug|Any CPU.Build.0 = Debug|Any CPU
		{EAF8102C-B6FF-4F7A-AEDE-1EA23912FEA5}.Release|Any CPU.ActiveCfg = Release|Any CPU
		{EAF8102C-B6FF-4F7A-AEDE-1EA23912FEA5}.Release|Any CPU.Build.0 = Release|Any CPU
	EndGlobalSection
EndGlobal
